
Microsoft Visual Studio Solution File, Format Version 12.00
# Visual Studio Version 17
VisualStudioVersion = 17.1.32228.430
MinimumVisualStudioVersion = 10.0.40219.1
Project("{9A19103F-16F7-4668-BE54-9A1E7A4F7556}") = "AlgFun1", "AlgFun1.csproj", "{276F89BD-580A-40FB-9C52-F587204F8E91}"
EndProject
Project("{9A19103F-16F7-4668-BE54-9A1E7A4F7556}") = "AlgFun2", "..\AlgFun2\AlgFun2.csproj", "{CA80FE90-3C00-4B25-91AB-B23AA5FE3460}"
EndProject
Project("{9A19103F-16F7-4668-BE54-9A1E7A4F7556}") = "GasireaNumerelorPrime", "..\GasireaNumerelorPrime\GasireaNumerelorPrime.csproj", "{CC50C84A-449E-4BBD-9910-785C8A993535}"
EndProject
Project("{9A19103F-16F7-4668-BE54-9A1E7A4F7556}") = "NumereleCareAuPrimaCifraPrima", "..\NumereleCareAuPrimaCifraPrima\NumereleCareAuPrimaCifraPrima.csproj", "{20908466-A799-4929-9077-6BDF25C60A64}"
EndProject
Project("{9A19103F-16F7-4668-BE54-9A1E7A4F7556}") = "NumerelePatratePerfecte", "..\NumerelePatratePerfecte\NumerelePatratePerfecte.csproj", "{AC5329BF-BC11-49BF-891A-28C5CB28EADE}"
EndProject
Project("{9A19103F-16F7-4668-BE54-9A1E7A4F7556}") = "Palindrom", "..\Palindrom\Palindrom.csproj", "{D1450B7C-77D4-40BC-B8CE-CA3C40058F75}"
EndProject
Project("{FAE04EC0-301F-11D3-BF4B-00C04F79EFBC}") = "AlgFun3", "..\AlgFun3\AlgFun3.csproj", "{D765E722-3AC2-4A52-BCB0-A4B1A218ABAA}"
EndProject
Project("{FAE04EC0-301F-11D3-BF4B-00C04F79EFBC}") = "AlgFun3(framework)", "..\AlgFun3(framework)\AlgFun3(framework).csproj", "{5F1A10D1-A896-4168-8181-ED0C6F0F6421}"
EndProject
Global
	GlobalSection(SolutionConfigurationPlatforms) = preSolution
		Debug|Any CPU = Debug|Any CPU
		Release|Any CPU = Release|Any CPU
	EndGlobalSection
	GlobalSection(ProjectConfigurationPlatforms) = postSolution
		{276F89BD-580A-40FB-9C52-F587204F8E91}.Debug|Any CPU.ActiveCfg = Debug|Any CPU
		{276F89BD-580A-40FB-9C52-F587204F8E91}.Debug|Any CPU.Build.0 = Debug|Any CPU
		{276F89BD-580A-40FB-9C52-F587204F8E91}.Release|Any CPU.ActiveCfg = Release|Any CPU
		{276F89BD-580A-40FB-9C52-F587204F8E91}.Release|Any CPU.Build.0 = Release|Any CPU
		{CA80FE90-3C00-4B25-91AB-B23AA5FE3460}.Debug|Any CPU.ActiveCfg = Debug|Any CPU
		{CA80FE90-3C00-4B25-91AB-B23AA5FE3460}.Debug|Any CPU.Build.0 = Debug|Any CPU
		{CA80FE90-3C00-4B25-91AB-B23AA5FE3460}.Release|Any CPU.ActiveCfg = Release|Any CPU
		{CA80FE90-3C00-4B25-91AB-B23AA5FE3460}.Release|Any CPU.Build.0 = Release|Any CPU
		{CC50C84A-449E-4BBD-9910-785C8A993535}.Debug|Any CPU.ActiveCfg = Debug|Any CPU
		{CC50C84A-449E-4BBD-9910-785C8A993535}.Debug|Any CPU.Build.0 = Debug|Any CPU
		{CC50C84A-449E-4BBD-9910-785C8A993535}.Release|Any CPU.ActiveCfg = Release|Any CPU
		{CC50C84A-449E-4BBD-9910-785C8A993535}.Release|Any CPU.Build.0 = Release|Any CPU
		{20908466-A799-4929-9077-6BDF25C60A64}.Debug|Any CPU.ActiveCfg = Debug|Any CPU
		{20908466-A799-4929-9077-6BDF25C60A64}.Debug|Any CPU.Build.0 = Debug|Any CPU
		{20908466-A799-4929-9077-6BDF25C60A64}.Release|Any CPU.ActiveCfg = Release|Any CPU
		{20908466-A799-4929-9077-6BDF25C60A64}.Release|Any CPU.Build.0 = Release|Any CPU
		{AC5329BF-BC11-49BF-891A-28C5CB28EADE}.Debug|Any CPU.ActiveCfg = Debug|Any CPU
		{AC5329BF-BC11-49BF-891A-28C5CB28EADE}.Debug|Any CPU.Build.0 = Debug|Any CPU
		{AC5329BF-BC11-49BF-891A-28C5CB28EADE}.Release|Any CPU.ActiveCfg = Release|Any CPU
		{AC5329BF-BC11-49BF-891A-28C5CB28EADE}.Release|Any CPU.Build.0 = Release|Any CPU
		{D1450B7C-77D4-40BC-B8CE-CA3C40058F75}.Debug|Any CPU.ActiveCfg = Debug|Any CPU
		{D1450B7C-77D4-40BC-B8CE-CA3C40058F75}.Debug|Any CPU.Build.0 = Debug|Any CPU
		{D1450B7C-77D4-40BC-B8CE-CA3C40058F75}.Release|Any CPU.ActiveCfg = Release|Any CPU
		{D1450B7C-77D4-40BC-B8CE-CA3C40058F75}.Release|Any CPU.Build.0 = Release|Any CPU
		{D765E722-3AC2-4A52-BCB0-A4B1A218ABAA}.Debug|Any CPU.ActiveCfg = Debug|Any CPU
		{D765E722-3AC2-4A52-BCB0-A4B1A218ABAA}.Debug|Any CPU.Build.0 = Debug|Any CPU
		{D765E722-3AC2-4A52-BCB0-A4B1A218ABAA}.Release|Any CPU.ActiveCfg = Release|Any CPU
		{D765E722-3AC2-4A52-BCB0-A4B1A218ABAA}.Release|Any CPU.Build.0 = Release|Any CPU
		{5F1A10D1-A896-4168-8181-ED0C6F0F6421}.Debug|Any CPU.ActiveCfg = Debug|Any CPU
		{5F1A10D1-A896-4168-8181-ED0C6F0F6421}.Debug|Any CPU.Build.0 = Debug|Any CPU
		{5F1A10D1-A896-4168-8181-ED0C6F0F6421}.Release|Any CPU.ActiveCfg = Release|Any CPU
		{5F1A10D1-A896-4168-8181-ED0C6F0F6421}.Release|Any CPU.Build.0 = Release|Any CPU
	EndGlobalSection
	GlobalSection(SolutionProperties) = preSolution
		HideSolutionNode = FALSE
	EndGlobalSection
	GlobalSection(ExtensibilityGlobals) = postSolution
		SolutionGuid = {314B6BCE-3FCA-4DE6-ADB2-C6E63CE07FB8}
	EndGlobalSection
EndGlobal
