
Microsoft Visual Studio Solution File, Format Version 12.00
# Visual Studio Version 17
VisualStudioVersion = 17.1.32228.430
MinimumVisualStudioVersion = 10.0.40219.1
Project("{9A19103F-16F7-4668-BE54-9A1E7A4F7556}") = "AlgFun1", "AlgFun1.csproj", "{276F89BD-580A-40FB-9C52-F587204F8E91}"
EndProject
Project("{9A19103F-16F7-4668-BE54-9A1E7A4F7556}") = "AlgFun2", "..\AlgFun2\AlgFun2.csproj", "{CA80FE90-3C00-4B25-91AB-B23AA5FE3460}"
EndProject
Project("{9A19103F-16F7-4668-BE54-9A1E7A4F7556}") = "GasireaNumerelorPrime", "..\GasireaNumerelorPrime\GasireaNumerelorPrime.csproj", "{CC50C84A-449E-4BBD-9910-785C8A993535}"
EndProject
Project("{9A19103F-16F7-4668-BE54-9A1E7A4F7556}") = "NumereleCareAuPrimaCifraPrima", "..\NumereleCareAuPrimaCifraPrima\NumereleCareAuPrimaCifraPrima.csproj", "{20908466-A799-4929-9077-6BDF25C60A64}"
EndProject
Project("{9A19103F-16F7-4668-BE54-9A1E7A4F7556}") = "NumerelePatratePerfecte", "..\NumerelePatratePerfecte\NumerelePatratePerfecte.csproj", "{AC5329BF-BC11-49BF-891A-28C5CB28EADE}"
EndProject
Project("{9A19103F-16F7-4668-BE54-9A1E7A4F7556}") = "Palindrom", "..\Palindrom\Palindrom.csproj", "{D1450B7C-77D4-40BC-B8CE-CA3C40058F75}"
EndProject
Project("{9A19103F-16F7-4668-BE54-9A1E7A4F7556}") = "AlgFun3", "..\AlgFun3\AlgFun3.csproj", "{D765E722-3AC2-4A52-BCB0-A4B1A218ABAA}"
EndProject
Project("{FAE04EC0-301F-11D3-BF4B-00C04F79EFBC}") = "AlgFun3(framework)", "..\AlgFun3(framework)\AlgFun3(framework).csproj", "{5F1A10D1-A896-4168-8181-ED0C6F0F6421}"
EndProject
Project("{FAE04EC0-301F-11D3-BF4B-00C04F79EFBC}") = "SortingApp", "..\SortingApp\SortingApp.csproj", "{6F0BCAFA-FD73-453F-84DE-CC636A0671B1}"
EndProject
Project("{FAE04EC0-301F-11D3-BF4B-00C04F79EFBC}") = "Matrici(Curs)", "..\Matrici(Curs)\Matrici(Curs).csproj", "{C19D67BB-2967-41CC-8C7E-9D40C99502EB}"
EndProject
Project("{FAE04EC0-301F-11D3-BF4B-00C04F79EFBC}") = "Probleme Pb. Info", "..\Probleme Pb. Info\Probleme Pb. Info.csproj", "{AC6F841C-687F-4B81-96B1-E107E9D56917}"
EndProject
Project("{FAE04EC0-301F-11D3-BF4B-00C04F79EFBC}") = "Matrici2(curs 31.03)", "..\Matrici2(curs 31.03)\Matrici2(curs 31.03).csproj", "{06E4E2E3-9F1D-4CA3-A77C-E2554B93118D}"
EndProject
Project("{FAE04EC0-301F-11D3-BF4B-00C04F79EFBC}") = "Matrici3(Conturul. Curs)", "..\Matrici3(Conturul. Curs)\Matrici3(Conturul. Curs).csproj", "{2BCA2EA1-75E7-4765-87C6-9A8C22E3C9A2}"
EndProject
Project("{FAE04EC0-301F-11D3-BF4B-00C04F79EFBC}") = "Curs(07_04)", "..\Curs(07_04)\Curs(07_04).csproj", "{D3D3F09F-320B-48EB-BBC6-BB17D488104A}"
EndProject
Project("{FAE04EC0-301F-11D3-BF4B-00C04F79EFBC}") = "Curs_14_04", "..\Curs_14_04\Curs_14_04.csproj", "{2CDDE4A5-9220-4F4A-AB66-9433F43333C7}"
EndProject
Project("{FAE04EC0-301F-11D3-BF4B-00C04F79EFBC}") = "Poligon_recurenta_05.05", "..\Poligon_recurenta_05.05\Poligon_recurenta_05.05.csproj", "{10004E5C-5E24-44A6-AB94-D896D4422977}"
EndProject
Project("{9A19103F-16F7-4668-BE54-9A1E7A4F7556}") = "Drum_12_05", "..\Drum\Drum_12_05.csproj", "{506BDDE1-4899-43E3-AC42-F52AF904D32F}"
EndProject
Project("{FAE04EC0-301F-11D3-BF4B-00C04F79EFBC}") = "Stack_Queue_19_05", "..\Stack_Queue_19_05\Stack_Queue_19_05.csproj", "{8D9F5571-21F5-4B30-A382-FA6955B82A1A}"
EndProject
Global
	GlobalSection(SolutionConfigurationPlatforms) = preSolution
		Debug|Any CPU = Debug|Any CPU
		Release|Any CPU = Release|Any CPU
	EndGlobalSection
	GlobalSection(ProjectConfigurationPlatforms) = postSolution
		{276F89BD-580A-40FB-9C52-F587204F8E91}.Debug|Any CPU.ActiveCfg = Debug|Any CPU
		{276F89BD-580A-40FB-9C52-F587204F8E91}.Debug|Any CPU.Build.0 = Debug|Any CPU
		{276F89BD-580A-40FB-9C52-F587204F8E91}.Release|Any CPU.ActiveCfg = Release|Any CPU
		{276F89BD-580A-40FB-9C52-F587204F8E91}.Release|Any CPU.Build.0 = Release|Any CPU
		{CA80FE90-3C00-4B25-91AB-B23AA5FE3460}.Debug|Any CPU.ActiveCfg = Debug|Any CPU
		{CA80FE90-3C00-4B25-91AB-B23AA5FE3460}.Debug|Any CPU.Build.0 = Debug|Any CPU
		{CA80FE90-3C00-4B25-91AB-B23AA5FE3460}.Release|Any CPU.ActiveCfg = Release|Any CPU
		{CA80FE90-3C00-4B25-91AB-B23AA5FE3460}.Release|Any CPU.Build.0 = Release|Any CPU
		{CC50C84A-449E-4BBD-9910-785C8A993535}.Debug|Any CPU.ActiveCfg = Debug|Any CPU
		{CC50C84A-449E-4BBD-9910-785C8A993535}.Debug|Any CPU.Build.0 = Debug|Any CPU
		{CC50C84A-449E-4BBD-9910-785C8A993535}.Release|Any CPU.ActiveCfg = Release|Any CPU
		{CC50C84A-449E-4BBD-9910-785C8A993535}.Release|Any CPU.Build.0 = Release|Any CPU
		{20908466-A799-4929-9077-6BDF25C60A64}.Debug|Any CPU.ActiveCfg = Debug|Any CPU
		{20908466-A799-4929-9077-6BDF25C60A64}.Debug|Any CPU.Build.0 = Debug|Any CPU
		{20908466-A799-4929-9077-6BDF25C60A64}.Release|Any CPU.ActiveCfg = Release|Any CPU
		{20908466-A799-4929-9077-6BDF25C60A64}.Release|Any CPU.Build.0 = Release|Any CPU
		{AC5329BF-BC11-49BF-891A-28C5CB28EADE}.Debug|Any CPU.ActiveCfg = Debug|Any CPU
		{AC5329BF-BC11-49BF-891A-28C5CB28EADE}.Debug|Any CPU.Build.0 = Debug|Any CPU
		{AC5329BF-BC11-49BF-891A-28C5CB28EADE}.Release|Any CPU.ActiveCfg = Release|Any CPU
		{AC5329BF-BC11-49BF-891A-28C5CB28EADE}.Release|Any CPU.Build.0 = Release|Any CPU
		{D1450B7C-77D4-40BC-B8CE-CA3C40058F75}.Debug|Any CPU.ActiveCfg = Debug|Any CPU
		{D1450B7C-77D4-40BC-B8CE-CA3C40058F75}.Debug|Any CPU.Build.0 = Debug|Any CPU
		{D1450B7C-77D4-40BC-B8CE-CA3C40058F75}.Release|Any CPU.ActiveCfg = Release|Any CPU
		{D1450B7C-77D4-40BC-B8CE-CA3C40058F75}.Release|Any CPU.Build.0 = Release|Any CPU
		{D765E722-3AC2-4A52-BCB0-A4B1A218ABAA}.Debug|Any CPU.ActiveCfg = Debug|Any CPU
		{D765E722-3AC2-4A52-BCB0-A4B1A218ABAA}.Debug|Any CPU.Build.0 = Debug|Any CPU
		{D765E722-3AC2-4A52-BCB0-A4B1A218ABAA}.Release|Any CPU.ActiveCfg = Release|Any CPU
		{D765E722-3AC2-4A52-BCB0-A4B1A218ABAA}.Release|Any CPU.Build.0 = Release|Any CPU
		{5F1A10D1-A896-4168-8181-ED0C6F0F6421}.Debug|Any CPU.ActiveCfg = Debug|Any CPU
		{5F1A10D1-A896-4168-8181-ED0C6F0F6421}.Debug|Any CPU.Build.0 = Debug|Any CPU
		{5F1A10D1-A896-4168-8181-ED0C6F0F6421}.Release|Any CPU.ActiveCfg = Release|Any CPU
		{5F1A10D1-A896-4168-8181-ED0C6F0F6421}.Release|Any CPU.Build.0 = Release|Any CPU
		{6F0BCAFA-FD73-453F-84DE-CC636A0671B1}.Debug|Any CPU.ActiveCfg = Debug|Any CPU
		{6F0BCAFA-FD73-453F-84DE-CC636A0671B1}.Debug|Any CPU.Build.0 = Debug|Any CPU
		{6F0BCAFA-FD73-453F-84DE-CC636A0671B1}.Release|Any CPU.ActiveCfg = Release|Any CPU
		{6F0BCAFA-FD73-453F-84DE-CC636A0671B1}.Release|Any CPU.Build.0 = Release|Any CPU
		{C19D67BB-2967-41CC-8C7E-9D40C99502EB}.Debug|Any CPU.ActiveCfg = Debug|Any CPU
		{C19D67BB-2967-41CC-8C7E-9D40C99502EB}.Debug|Any CPU.Build.0 = Debug|Any CPU
		{C19D67BB-2967-41CC-8C7E-9D40C99502EB}.Release|Any CPU.ActiveCfg = Release|Any CPU
		{C19D67BB-2967-41CC-8C7E-9D40C99502EB}.Release|Any CPU.Build.0 = Release|Any CPU
		{AC6F841C-687F-4B81-96B1-E107E9D56917}.Debug|Any CPU.ActiveCfg = Debug|Any CPU
		{AC6F841C-687F-4B81-96B1-E107E9D56917}.Debug|Any CPU.Build.0 = Debug|Any CPU
		{AC6F841C-687F-4B81-96B1-E107E9D56917}.Release|Any CPU.ActiveCfg = Release|Any CPU
		{AC6F841C-687F-4B81-96B1-E107E9D56917}.Release|Any CPU.Build.0 = Release|Any CPU
		{06E4E2E3-9F1D-4CA3-A77C-E2554B93118D}.Debug|Any CPU.ActiveCfg = Debug|Any CPU
		{06E4E2E3-9F1D-4CA3-A77C-E2554B93118D}.Debug|Any CPU.Build.0 = Debug|Any CPU
		{06E4E2E3-9F1D-4CA3-A77C-E2554B93118D}.Release|Any CPU.ActiveCfg = Release|Any CPU
		{06E4E2E3-9F1D-4CA3-A77C-E2554B93118D}.Release|Any CPU.Build.0 = Release|Any CPU
		{2BCA2EA1-75E7-4765-87C6-9A8C22E3C9A2}.Debug|Any CPU.ActiveCfg = Debug|Any CPU
		{2BCA2EA1-75E7-4765-87C6-9A8C22E3C9A2}.Debug|Any CPU.Build.0 = Debug|Any CPU
		{2BCA2EA1-75E7-4765-87C6-9A8C22E3C9A2}.Release|Any CPU.ActiveCfg = Release|Any CPU
		{2BCA2EA1-75E7-4765-87C6-9A8C22E3C9A2}.Release|Any CPU.Build.0 = Release|Any CPU
		{D3D3F09F-320B-48EB-BBC6-BB17D488104A}.Debug|Any CPU.ActiveCfg = Debug|Any CPU
		{D3D3F09F-320B-48EB-BBC6-BB17D488104A}.Debug|Any CPU.Build.0 = Debug|Any CPU
		{D3D3F09F-320B-48EB-BBC6-BB17D488104A}.Release|Any CPU.ActiveCfg = Release|Any CPU
		{D3D3F09F-320B-48EB-BBC6-BB17D488104A}.Release|Any CPU.Build.0 = Release|Any CPU
		{2CDDE4A5-9220-4F4A-AB66-9433F43333C7}.Debug|Any CPU.ActiveCfg = Debug|Any CPU
		{2CDDE4A5-9220-4F4A-AB66-9433F43333C7}.Debug|Any CPU.Build.0 = Debug|Any CPU
		{2CDDE4A5-9220-4F4A-AB66-9433F43333C7}.Release|Any CPU.ActiveCfg = Release|Any CPU
		{2CDDE4A5-9220-4F4A-AB66-9433F43333C7}.Release|Any CPU.Build.0 = Release|Any CPU
		{10004E5C-5E24-44A6-AB94-D896D4422977}.Debug|Any CPU.ActiveCfg = Debug|Any CPU
		{10004E5C-5E24-44A6-AB94-D896D4422977}.Debug|Any CPU.Build.0 = Debug|Any CPU
		{10004E5C-5E24-44A6-AB94-D896D4422977}.Release|Any CPU.ActiveCfg = Release|Any CPU
		{10004E5C-5E24-44A6-AB94-D896D4422977}.Release|Any CPU.Build.0 = Release|Any CPU
		{506BDDE1-4899-43E3-AC42-F52AF904D32F}.Debug|Any CPU.ActiveCfg = Debug|Any CPU
		{506BDDE1-4899-43E3-AC42-F52AF904D32F}.Debug|Any CPU.Build.0 = Debug|Any CPU
		{506BDDE1-4899-43E3-AC42-F52AF904D32F}.Release|Any CPU.ActiveCfg = Release|Any CPU
		{506BDDE1-4899-43E3-AC42-F52AF904D32F}.Release|Any CPU.Build.0 = Release|Any CPU
		{8D9F5571-21F5-4B30-A382-FA6955B82A1A}.Debug|Any CPU.ActiveCfg = Debug|Any CPU
		{8D9F5571-21F5-4B30-A382-FA6955B82A1A}.Debug|Any CPU.Build.0 = Debug|Any CPU
		{8D9F5571-21F5-4B30-A382-FA6955B82A1A}.Release|Any CPU.ActiveCfg = Release|Any CPU
		{8D9F5571-21F5-4B30-A382-FA6955B82A1A}.Release|Any CPU.Build.0 = Release|Any CPU
	EndGlobalSection
	GlobalSection(SolutionProperties) = preSolution
		HideSolutionNode = FALSE
	EndGlobalSection
	GlobalSection(ExtensibilityGlobals) = postSolution
		SolutionGuid = {314B6BCE-3FCA-4DE6-ADB2-C6E63CE07FB8}
	EndGlobalSection
EndGlobal
